
Microsoft Visual Studio Solution File, Format Version 12.00
# Visual Studio Version 17
VisualStudioVersion = 17.0.32014.148
MinimumVisualStudioVersion = 10.0.40219.1
Project("{9A19103F-16F7-4668-BE54-9A1E7A4F7556}") = "ConsoleApp1", "ConsoleApp1\ConsoleApp1.csproj", "{ABB518F5-DD69-47C0-B24B-240F01115260}"
EndProject
Project("{9A19103F-16F7-4668-BE54-9A1E7A4F7556}") = "Asymmetrical", "Asymmetrical\Asymmetrical.csproj", "{4B883D5B-8840-4777-864E-C7538CFEF5F5}"
EndProject
Project("{9A19103F-16F7-4668-BE54-9A1E7A4F7556}") = "twileloopLibraryTest", "twileloopLibraryTest\twileloopLibraryTest.csproj", "{709675B5-A281-497C-9B1E-F823E18AC497}"
EndProject
Project("{9A19103F-16F7-4668-BE54-9A1E7A4F7556}") = "RSA_WithoutFiles", "RSA_WithoutFiles\RSA_WithoutFiles.csproj", "{83E087AB-EFB1-4696-B8B7-F37C44A8368B}"
EndProject
Project("{9A19103F-16F7-4668-BE54-9A1E7A4F7556}") = "AES_WithoutFiles", "AES_WithoutFiles\AES_WithoutFiles.csproj", "{DA216AAB-9E8B-468A-A993-B2C05A6A4D8D}"
EndProject
Project("{9A19103F-16F7-4668-BE54-9A1E7A4F7556}") = "RSAexample", "RSAexample\RSAexample.csproj", "{5A5FFEAC-24AF-4DA7-8321-6B6B1078950E}"
EndProject
Project("{FAE04EC0-301F-11D3-BF4B-00C04F79EFBC}") = "PasswordGeneratorTest", "PasswordGeneratorTest\PasswordGeneratorTest.csproj", "{8D8B8EED-C24E-450B-B57A-171E26A15A1B}"
EndProject
Global
	GlobalSection(SolutionConfigurationPlatforms) = preSolution
		Debug|Any CPU = Debug|Any CPU
		Debug|x64 = Debug|x64
		Debug|x86 = Debug|x86
		Release|Any CPU = Release|Any CPU
		Release|x64 = Release|x64
		Release|x86 = Release|x86
	EndGlobalSection
	GlobalSection(ProjectConfigurationPlatforms) = postSolution
		{ABB518F5-DD69-47C0-B24B-240F01115260}.Debug|Any CPU.ActiveCfg = Debug|Any CPU
		{ABB518F5-DD69-47C0-B24B-240F01115260}.Debug|Any CPU.Build.0 = Debug|Any CPU
		{ABB518F5-DD69-47C0-B24B-240F01115260}.Debug|x64.ActiveCfg = Debug|Any CPU
		{ABB518F5-DD69-47C0-B24B-240F01115260}.Debug|x64.Build.0 = Debug|Any CPU
		{ABB518F5-DD69-47C0-B24B-240F01115260}.Debug|x86.ActiveCfg = Debug|Any CPU
		{ABB518F5-DD69-47C0-B24B-240F01115260}.Debug|x86.Build.0 = Debug|Any CPU
		{ABB518F5-DD69-47C0-B24B-240F01115260}.Release|Any CPU.ActiveCfg = Release|Any CPU
		{ABB518F5-DD69-47C0-B24B-240F01115260}.Release|Any CPU.Build.0 = Release|Any CPU
		{ABB518F5-DD69-47C0-B24B-240F01115260}.Release|x64.ActiveCfg = Release|Any CPU
		{ABB518F5-DD69-47C0-B24B-240F01115260}.Release|x64.Build.0 = Release|Any CPU
		{ABB518F5-DD69-47C0-B24B-240F01115260}.Release|x86.ActiveCfg = Release|Any CPU
		{ABB518F5-DD69-47C0-B24B-240F01115260}.Release|x86.Build.0 = Release|Any CPU
		{4B883D5B-8840-4777-864E-C7538CFEF5F5}.Debug|Any CPU.ActiveCfg = Debug|Any CPU
		{4B883D5B-8840-4777-864E-C7538CFEF5F5}.Debug|Any CPU.Build.0 = Debug|Any CPU
		{4B883D5B-8840-4777-864E-C7538CFEF5F5}.Debug|x64.ActiveCfg = Debug|Any CPU
		{4B883D5B-8840-4777-864E-C7538CFEF5F5}.Debug|x64.Build.0 = Debug|Any CPU
		{4B883D5B-8840-4777-864E-C7538CFEF5F5}.Debug|x86.ActiveCfg = Debug|Any CPU
		{4B883D5B-8840-4777-864E-C7538CFEF5F5}.Debug|x86.Build.0 = Debug|Any CPU
		{4B883D5B-8840-4777-864E-C7538CFEF5F5}.Release|Any CPU.ActiveCfg = Release|Any CPU
		{4B883D5B-8840-4777-864E-C7538CFEF5F5}.Release|Any CPU.Build.0 = Release|Any CPU
		{4B883D5B-8840-4777-864E-C7538CFEF5F5}.Release|x64.ActiveCfg = Release|Any CPU
		{4B883D5B-8840-4777-864E-C7538CFEF5F5}.Release|x64.Build.0 = Release|Any CPU
		{4B883D5B-8840-4777-864E-C7538CFEF5F5}.Release|x86.ActiveCfg = Release|Any CPU
		{4B883D5B-8840-4777-864E-C7538CFEF5F5}.Release|x86.Build.0 = Release|Any CPU
		{709675B5-A281-497C-9B1E-F823E18AC497}.Debug|Any CPU.ActiveCfg = Debug|Any CPU
		{709675B5-A281-497C-9B1E-F823E18AC497}.Debug|Any CPU.Build.0 = Debug|Any CPU
		{709675B5-A281-497C-9B1E-F823E18AC497}.Debug|x64.ActiveCfg = Debug|Any CPU
		{709675B5-A281-497C-9B1E-F823E18AC497}.Debug|x64.Build.0 = Debug|Any CPU
		{709675B5-A281-497C-9B1E-F823E18AC497}.Debug|x86.ActiveCfg = Debug|Any CPU
		{709675B5-A281-497C-9B1E-F823E18AC497}.Debug|x86.Build.0 = Debug|Any CPU
		{709675B5-A281-497C-9B1E-F823E18AC497}.Release|Any CPU.ActiveCfg = Release|Any CPU
		{709675B5-A281-497C-9B1E-F823E18AC497}.Release|Any CPU.Build.0 = Release|Any CPU
		{709675B5-A281-497C-9B1E-F823E18AC497}.Release|x64.ActiveCfg = Release|Any CPU
		{709675B5-A281-497C-9B1E-F823E18AC497}.Release|x64.Build.0 = Release|Any CPU
		{709675B5-A281-497C-9B1E-F823E18AC497}.Release|x86.ActiveCfg = Release|Any CPU
		{709675B5-A281-497C-9B1E-F823E18AC497}.Release|x86.Build.0 = Release|Any CPU
		{83E087AB-EFB1-4696-B8B7-F37C44A8368B}.Debug|Any CPU.ActiveCfg = Debug|Any CPU
		{83E087AB-EFB1-4696-B8B7-F37C44A8368B}.Debug|Any CPU.Build.0 = Debug|Any CPU
		{83E087AB-EFB1-4696-B8B7-F37C44A8368B}.Debug|x64.ActiveCfg = Debug|Any CPU
		{83E087AB-EFB1-4696-B8B7-F37C44A8368B}.Debug|x64.Build.0 = Debug|Any CPU
		{83E087AB-EFB1-4696-B8B7-F37C44A8368B}.Debug|x86.ActiveCfg = Debug|Any CPU
		{83E087AB-EFB1-4696-B8B7-F37C44A8368B}.Debug|x86.Build.0 = Debug|Any CPU
		{83E087AB-EFB1-4696-B8B7-F37C44A8368B}.Release|Any CPU.ActiveCfg = Release|Any CPU
		{83E087AB-EFB1-4696-B8B7-F37C44A8368B}.Release|Any CPU.Build.0 = Release|Any CPU
		{83E087AB-EFB1-4696-B8B7-F37C44A8368B}.Release|x64.ActiveCfg = Release|Any CPU
		{83E087AB-EFB1-4696-B8B7-F37C44A8368B}.Release|x64.Build.0 = Release|Any CPU
		{83E087AB-EFB1-4696-B8B7-F37C44A8368B}.Release|x86.ActiveCfg = Release|Any CPU
		{83E087AB-EFB1-4696-B8B7-F37C44A8368B}.Release|x86.Build.0 = Release|Any CPU
		{DA216AAB-9E8B-468A-A993-B2C05A6A4D8D}.Debug|Any CPU.ActiveCfg = Debug|Any CPU
		{DA216AAB-9E8B-468A-A993-B2C05A6A4D8D}.Debug|Any CPU.Build.0 = Debug|Any CPU
		{DA216AAB-9E8B-468A-A993-B2C05A6A4D8D}.Debug|x64.ActiveCfg = Debug|Any CPU
		{DA216AAB-9E8B-468A-A993-B2C05A6A4D8D}.Debug|x64.Build.0 = Debug|Any CPU
		{DA216AAB-9E8B-468A-A993-B2C05A6A4D8D}.Debug|x86.ActiveCfg = Debug|Any CPU
		{DA216AAB-9E8B-468A-A993-B2C05A6A4D8D}.Debug|x86.Build.0 = Debug|Any CPU
		{DA216AAB-9E8B-468A-A993-B2C05A6A4D8D}.Release|Any CPU.ActiveCfg = Release|Any CPU
		{DA216AAB-9E8B-468A-A993-B2C05A6A4D8D}.Release|Any CPU.Build.0 = Release|Any CPU
		{DA216AAB-9E8B-468A-A993-B2C05A6A4D8D}.Release|x64.ActiveCfg = Release|Any CPU
		{DA216AAB-9E8B-468A-A993-B2C05A6A4D8D}.Release|x64.Build.0 = Release|Any CPU
		{DA216AAB-9E8B-468A-A993-B2C05A6A4D8D}.Release|x86.ActiveCfg = Release|Any CPU
		{DA216AAB-9E8B-468A-A993-B2C05A6A4D8D}.Release|x86.Build.0 = Release|Any CPU
		{5A5FFEAC-24AF-4DA7-8321-6B6B1078950E}.Debug|Any CPU.ActiveCfg = Debug|Any CPU
		{5A5FFEAC-24AF-4DA7-8321-6B6B1078950E}.Debug|Any CPU.Build.0 = Debug|Any CPU
		{5A5FFEAC-24AF-4DA7-8321-6B6B1078950E}.Debug|x64.ActiveCfg = Debug|Any CPU
		{5A5FFEAC-24AF-4DA7-8321-6B6B1078950E}.Debug|x64.Build.0 = Debug|Any CPU
		{5A5FFEAC-24AF-4DA7-8321-6B6B1078950E}.Debug|x86.ActiveCfg = Debug|Any CPU
		{5A5FFEAC-24AF-4DA7-8321-6B6B1078950E}.Debug|x86.Build.0 = Debug|Any CPU
		{5A5FFEAC-24AF-4DA7-8321-6B6B1078950E}.Release|Any CPU.ActiveCfg = Release|Any CPU
		{5A5FFEAC-24AF-4DA7-8321-6B6B1078950E}.Release|Any CPU.Build.0 = Release|Any CPU
		{5A5FFEAC-24AF-4DA7-8321-6B6B1078950E}.Release|x64.ActiveCfg = Release|Any CPU
		{5A5FFEAC-24AF-4DA7-8321-6B6B1078950E}.Release|x64.Build.0 = Release|Any CPU
		{5A5FFEAC-24AF-4DA7-8321-6B6B1078950E}.Release|x86.ActiveCfg = Release|Any CPU
		{5A5FFEAC-24AF-4DA7-8321-6B6B1078950E}.Release|x86.Build.0 = Release|Any CPU
		{8D8B8EED-C24E-450B-B57A-171E26A15A1B}.Debug|Any CPU.ActiveCfg = Debug|Any CPU
		{8D8B8EED-C24E-450B-B57A-171E26A15A1B}.Debug|Any CPU.Build.0 = Debug|Any CPU
		{8D8B8EED-C24E-450B-B57A-171E26A15A1B}.Debug|x64.ActiveCfg = Debug|Any CPU
		{8D8B8EED-C24E-450B-B57A-171E26A15A1B}.Debug|x64.Build.0 = Debug|Any CPU
		{8D8B8EED-C24E-450B-B57A-171E26A15A1B}.Debug|x86.ActiveCfg = Debug|Any CPU
		{8D8B8EED-C24E-450B-B57A-171E26A15A1B}.Debug|x86.Build.0 = Debug|Any CPU
		{8D8B8EED-C24E-450B-B57A-171E26A15A1B}.Release|Any CPU.ActiveCfg = Release|Any CPU
		{8D8B8EED-C24E-450B-B57A-171E26A15A1B}.Release|Any CPU.Build.0 = Release|Any CPU
		{8D8B8EED-C24E-450B-B57A-171E26A15A1B}.Release|x64.ActiveCfg = Release|Any CPU
		{8D8B8EED-C24E-450B-B57A-171E26A15A1B}.Release|x64.Build.0 = Release|Any CPU
		{8D8B8EED-C24E-450B-B57A-171E26A15A1B}.Release|x86.ActiveCfg = Release|Any CPU
		{8D8B8EED-C24E-450B-B57A-171E26A15A1B}.Release|x86.Build.0 = Release|Any CPU
	EndGlobalSection
	GlobalSection(SolutionProperties) = preSolution
		HideSolutionNode = FALSE
	EndGlobalSection
	GlobalSection(ExtensibilityGlobals) = postSolution
		SolutionGuid = {42C3864C-67F0-433E-A2F0-6A000E2E92C1}
	EndGlobalSection
EndGlobal
